// !$*UTF8*$!
{
	archiveVersion = 1;
	classes = {
	};
	objectVersion = 55;
	objects = {

/* Begin PBXBuildFile section */
		912691602BFE5DF200CC8EAE /* ManchegoSoundBoard.xcdatamodeld in Sources */ = {isa = PBXBuildFile; fileRef = 9126915E2BFE5DF200CC8EAE /* ManchegoSoundBoard.xcdatamodeld */; };
		9178214F2BFE5CBE00E4F71B /* SoundViewController.swift in Sources */ = {isa = PBXBuildFile; fileRef = 9178214D2BFE471B00E4F71B /* SoundViewController.swift */; };
		91B9BE662BFE3C91003246ED /* AppDelegate.swift in Sources */ = {isa = PBXBuildFile; fileRef = 91B9BE652BFE3C91003246ED /* AppDelegate.swift */; };
		91B9BE682BFE3C91003246ED /* SceneDelegate.swift in Sources */ = {isa = PBXBuildFile; fileRef = 91B9BE672BFE3C91003246ED /* SceneDelegate.swift */; };
		91B9BE6A2BFE3C91003246ED /* ViewController.swift in Sources */ = {isa = PBXBuildFile; fileRef = 91B9BE692BFE3C91003246ED /* ViewController.swift */; };
		91B9BE6D2BFE3C91003246ED /* Main.storyboard in Resources */ = {isa = PBXBuildFile; fileRef = 91B9BE6B2BFE3C91003246ED /* Main.storyboard */; };
		91B9BE722BFE3C92003246ED /* Assets.xcassets in Resources */ = {isa = PBXBuildFile; fileRef = 91B9BE712BFE3C92003246ED /* Assets.xcassets */; };
		91B9BE752BFE3C92003246ED /* LaunchScreen.storyboard in Resources */ = {isa = PBXBuildFile; fileRef = 91B9BE732BFE3C92003246ED /* LaunchScreen.storyboard */; };
/* End PBXBuildFile section */

/* Begin PBXFileReference section */
		9126915F2BFE5DF200CC8EAE /* ManchegoSoundBoard.xcdatamodel */ = {isa = PBXFileReference; lastKnownFileType = wrapper.xcdatamodel; path = ManchegoSoundBoard.xcdatamodel; sourceTree = "<group>"; };
		9178214D2BFE471B00E4F71B /* SoundViewController.swift */ = {isa = PBXFileReference; lastKnownFileType = sourcecode.swift; path = SoundViewController.swift; sourceTree = "<group>"; };
		91B9BE622BFE3C91003246ED /* ManchegoSoundBoard.app */ = {isa = PBXFileReference; explicitFileType = wrapper.application; includeInIndex = 0; path = ManchegoSoundBoard.app; sourceTree = BUILT_PRODUCTS_DIR; };
		91B9BE652BFE3C91003246ED /* AppDelegate.swift */ = {isa = PBXFileReference; lastKnownFileType = sourcecode.swift; path = AppDelegate.swift; sourceTree = "<group>"; };
		91B9BE672BFE3C91003246ED /* SceneDelegate.swift */ = {isa = PBXFileReference; lastKnownFileType = sourcecode.swift; path = SceneDelegate.swift; sourceTree = "<group>"; };
		91B9BE692BFE3C91003246ED /* ViewController.swift */ = {isa = PBXFileReference; lastKnownFileType = sourcecode.swift; path = ViewController.swift; sourceTree = "<group>"; };
		91B9BE6C2BFE3C91003246ED /* Base */ = {isa = PBXFileReference; lastKnownFileType = file.storyboard; name = Base; path = Base.lproj/Main.storyboard; sourceTree = "<group>"; };
		91B9BE712BFE3C92003246ED /* Assets.xcassets */ = {isa = PBXFileReference; lastKnownFileType = folder.assetcatalog; path = Assets.xcassets; sourceTree = "<group>"; };
		91B9BE742BFE3C92003246ED /* Base */ = {isa = PBXFileReference; lastKnownFileType = file.storyboard; name = Base; path = Base.lproj/LaunchScreen.storyboard; sourceTree = "<group>"; };
		91B9BE762BFE3C92003246ED /* Info.plist */ = {isa = PBXFileReference; lastKnownFileType = text.plist.xml; path = Info.plist; sourceTree = "<group>"; };
/* End PBXFileReference section */

/* Begin PBXFrameworksBuildPhase section */
		91B9BE5F2BFE3C91003246ED /* Frameworks */ = {
			isa = PBXFrameworksBuildPhase;
			buildActionMask = 2147483647;
			files = (
			);
			runOnlyForDeploymentPostprocessing = 0;
		};
/* End PBXFrameworksBuildPhase section */

/* Begin PBXGroup section */
		91B9BE592BFE3C91003246ED = {
			isa = PBXGroup;
			children = (
				91B9BE642BFE3C91003246ED /* ManchegoSoundBoard */,
				91B9BE632BFE3C91003246ED /* Products */,
			);
			sourceTree = "<group>";
		};
		91B9BE632BFE3C91003246ED /* Products */ = {
			isa = PBXGroup;
			children = (
				91B9BE622BFE3C91003246ED /* ManchegoSoundBoard.app */,
			);
			name = Products;
			sourceTree = "<group>";
		};
		91B9BE642BFE3C91003246ED /* ManchegoSoundBoard */ = {
			isa = PBXGroup;
			children = (
				91B9BE652BFE3C91003246ED /* AppDelegate.swift */,
				91B9BE672BFE3C91003246ED /* SceneDelegate.swift */,
				91B9BE692BFE3C91003246ED /* ViewController.swift */,
				91B9BE6B2BFE3C91003246ED /* Main.storyboard */,
				9178214D2BFE471B00E4F71B /* SoundViewController.swift */,
				91B9BE712BFE3C92003246ED /* Assets.xcassets */,
				91B9BE732BFE3C92003246ED /* LaunchScreen.storyboard */,
				91B9BE762BFE3C92003246ED /* Info.plist */,
				9126915E2BFE5DF200CC8EAE /* ManchegoSoundBoard.xcdatamodeld */,
			);
			path = ManchegoSoundBoard;
			sourceTree = "<group>";
		};
/* End PBXGroup section */

/* Begin PBXNativeTarget section */
		91B9BE612BFE3C91003246ED /* ManchegoSoundBoard */ = {
			isa = PBXNativeTarget;
			buildConfigurationList = 91B9BE792BFE3C92003246ED /* Build configuration list for PBXNativeTarget "ManchegoSoundBoard" */;
			buildPhases = (
				91B9BE5E2BFE3C91003246ED /* Sources */,
				91B9BE5F2BFE3C91003246ED /* Frameworks */,
				91B9BE602BFE3C91003246ED /* Resources */,
			);
			buildRules = (
			);
			dependencies = (
			);
			name = ManchegoSoundBoard;
			productName = ManchegoSoundBoard;
			productReference = 91B9BE622BFE3C91003246ED /* ManchegoSoundBoard.app */;
			productType = "com.apple.product-type.application";
		};
/* End PBXNativeTarget section */

/* Begin PBXProject section */
		91B9BE5A2BFE3C91003246ED /* Project object */ = {
			isa = PBXProject;
			attributes = {
				BuildIndependentTargetsInParallel = 1;
				LastSwiftUpdateCheck = 1340;
				LastUpgradeCheck = 1340;
				TargetAttributes = {
					91B9BE612BFE3C91003246ED = {
						CreatedOnToolsVersion = 13.4.1;
					};
				};
			};
			buildConfigurationList = 91B9BE5D2BFE3C91003246ED /* Build configuration list for PBXProject "ManchegoSoundBoard" */;
			compatibilityVersion = "Xcode 13.0";
			developmentRegion = en;
			hasScannedForEncodings = 0;
			knownRegions = (
				en,
				Base,
			);
			mainGroup = 91B9BE592BFE3C91003246ED;
			productRefGroup = 91B9BE632BFE3C91003246ED /* Products */;
			projectDirPath = "";
			projectRoot = "";
			targets = (
				91B9BE612BFE3C91003246ED /* ManchegoSoundBoard */,
			);
		};
/* End PBXProject section */

/* Begin PBXResourcesBuildPhase section */
		91B9BE602BFE3C91003246ED /* Resources */ = {
			isa = PBXResourcesBuildPhase;
			buildActionMask = 2147483647;
			files = (
				91B9BE752BFE3C92003246ED /* LaunchScreen.storyboard in Resources */,
				91B9BE722BFE3C92003246ED /* Assets.xcassets in Resources */,
				91B9BE6D2BFE3C91003246ED /* Main.storyboard in Resources */,
			);
			runOnlyForDeploymentPostprocessing = 0;
		};
/* End PBXResourcesBuildPhase section */

/* Begin PBXSourcesBuildPhase section */
		91B9BE5E2BFE3C91003246ED /* Sources */ = {
			isa = PBXSourcesBuildPhase;
			buildActionMask = 2147483647;
			files = (
				9178214F2BFE5CBE00E4F71B /* SoundViewController.swift in Sources */,
				91B9BE6A2BFE3C91003246ED /* ViewController.swift in Sources */,
				91B9BE662BFE3C91003246ED /* AppDelegate.swift in Sources */,
				912691602BFE5DF200CC8EAE /* ManchegoSoundBoard.xcdatamodeld in Sources */,
				91B9BE682BFE3C91003246ED /* SceneDelegate.swift in Sources */,
			);
			runOnlyForDeploymentPostprocessing = 0;
		};
/* End PBXSourcesBuildPhase section */

/* Begin PBXVariantGroup section */
		91B9BE6B2BFE3C91003246ED /* Main.storyboard */ = {
			isa = PBXVariantGroup;
			children = (
				91B9BE6C2BFE3C91003246ED /* Base */,
			);
			name = Main.storyboard;
			sourceTree = "<group>";
		};
		91B9BE732BFE3C92003246ED /* LaunchScreen.storyboard */ = {
			isa = PBXVariantGroup;
			children = (
				91B9BE742BFE3C92003246ED /* Base */,
			);
			name = LaunchScreen.storyboard;
			sourceTree = "<group>";
		};
/* End PBXVariantGroup section */

/* Begin XCBuildConfiguration section */
		91B9BE772BFE3C92003246ED /* Debug */ = {
			isa = XCBuildConfiguration;
			buildSettings = {
				ALWAYS_SEARCH_USER_PATHS = NO;
				CLANG_ANALYZER_NONNULL = YES;
				CLANG_ANALYZER_NUMBER_OBJECT_CONVERSION = YES_AGGRESSIVE;
				CLANG_CXX_LANGUAGE_STANDARD = "gnu++17";
				CLANG_ENABLE_MODULES = YES;
				CLANG_ENABLE_OBJC_ARC = YES;
				CLANG_ENABLE_OBJC_WEAK = YES;
				CLANG_WARN_BLOCK_CAPTURE_AUTORELEASING = YES;
				CLANG_WARN_BOOL_CONVERSION = YES;
				CLANG_WARN_COMMA = YES;
				CLANG_WARN_CONSTANT_CONVERSION = YES;
				CLANG_WARN_DEPRECATED_OBJC_IMPLEMENTATIONS = YES;
				CLANG_WARN_DIRECT_OBJC_ISA_USAGE = YES_ERROR;
				CLANG_WARN_DOCUMENTATION_COMMENTS = YES;
				CLANG_WARN_EMPTY_BODY = YES;
				CLANG_WARN_ENUM_CONVERSION = YES;
				CLANG_WARN_INFINITE_RECURSION = YES;
				CLANG_WARN_INT_CONVERSION = YES;
				CLANG_WARN_NON_LITERAL_NULL_CONVERSION = YES;
				CLANG_WARN_OBJC_IMPLICIT_RETAIN_SELF = YES;
				CLANG_WARN_OBJC_LITERAL_CONVERSION = YES;
				CLANG_WARN_OBJC_ROOT_CLASS = YES_ERROR;
				CLANG_WARN_QUOTED_INCLUDE_IN_FRAMEWORK_HEADER = YES;
				CLANG_WARN_RANGE_LOOP_ANALYSIS = YES;
				CLANG_WARN_STRICT_PROTOTYPES = YES;
				CLANG_WARN_SUSPICIOUS_MOVE = YES;
				CLANG_WARN_UNGUARDED_AVAILABILITY = YES_AGGRESSIVE;
				CLANG_WARN_UNREACHABLE_CODE = YES;
				CLANG_WARN__DUPLICATE_METHOD_MATCH = YES;
				COPY_PHASE_STRIP = NO;
				DEBUG_INFORMATION_FORMAT = dwarf;
				ENABLE_STRICT_OBJC_MSGSEND = YES;
				ENABLE_TESTABILITY = YES;
				GCC_C_LANGUAGE_STANDARD = gnu11;
				GCC_DYNAMIC_NO_PIC = NO;
				GCC_NO_COMMON_BLOCKS = YES;
				GCC_OPTIMIZATION_LEVEL = 0;
				GCC_PREPROCESSOR_DEFINITIONS = (
					"DEBUG=1",
					"$(inherited)",
				);
				GCC_WARN_64_TO_32_BIT_CONVERSION = YES;
				GCC_WARN_ABOUT_RETURN_TYPE = YES_ERROR;
				GCC_WARN_UNDECLARED_SELECTOR = YES;
				GCC_WARN_UNINITIALIZED_AUTOS = YES_AGGRESSIVE;
				GCC_WARN_UNUSED_FUNCTION = YES;
				GCC_WARN_UNUSED_VARIABLE = YES;
				IPHONEOS_DEPLOYMENT_TARGET = 15.5;
				MTL_ENABLE_DEBUG_INFO = INCLUDE_SOURCE;
				MTL_FAST_MATH = YES;
				ONLY_ACTIVE_ARCH = YES;
				SDKROOT = iphoneos;
				SWIFT_ACTIVE_COMPILATION_CONDITIONS = DEBUG;
				SWIFT_OPTIMIZATION_LEVEL = "-Onone";
			};
			name = Debug;
		};
		91B9BE782BFE3C92003246ED /* Release */ = {
			isa = XCBuildConfiguration;
			buildSettings = {
				ALWAYS_SEARCH_USER_PATHS = NO;
				CLANG_ANALYZER_NONNULL = YES;
				CLANG_ANALYZER_NUMBER_OBJECT_CONVERSION = YES_AGGRESSIVE;
				CLANG_CXX_LANGUAGE_STANDARD = "gnu++17";
				CLANG_ENABLE_MODULES = YES;
				CLANG_ENABLE_OBJC_ARC = YES;
				CLANG_ENABLE_OBJC_WEAK = YES;
				CLANG_WARN_BLOCK_CAPTURE_AUTORELEASING = YES;
				CLANG_WARN_BOOL_CONVERSION = YES;
				CLANG_WARN_COMMA = YES;
				CLANG_WARN_CONSTANT_CONVERSION = YES;
				CLANG_WARN_DEPRECATED_OBJC_IMPLEMENTATIONS = YES;
				CLANG_WARN_DIRECT_OBJC_ISA_USAGE = YES_ERROR;
				CLANG_WARN_DOCUMENTATION_COMMENTS = YES;
				CLANG_WARN_EMPTY_BODY = YES;
				CLANG_WARN_ENUM_CONVERSION = YES;
				CLANG_WARN_INFINITE_RECURSION = YES;
				CLANG_WARN_INT_CONVERSION = YES;
				CLANG_WARN_NON_LITERAL_NULL_CONVERSION = YES;
				CLANG_WARN_OBJC_IMPLICIT_RETAIN_SELF = YES;
				CLANG_WARN_OBJC_LITERAL_CONVERSION = YES;
				CLANG_WARN_OBJC_ROOT_CLASS = YES_ERROR;
				CLANG_WARN_QUOTED_INCLUDE_IN_FRAMEWORK_HEADER = YES;
				CLANG_WARN_RANGE_LOOP_ANALYSIS = YES;
				CLANG_WARN_STRICT_PROTOTYPES = YES;
				CLANG_WARN_SUSPICIOUS_MOVE = YES;
				CLANG_WARN_UNGUARDED_AVAILABILITY = YES_AGGRESSIVE;
				CLANG_WARN_UNREACHABLE_CODE = YES;
				CLANG_WARN__DUPLICATE_METHOD_MATCH = YES;
				COPY_PHASE_STRIP = NO;
				DEBUG_INFORMATION_FORMAT = "dwarf-with-dsym";
				ENABLE_NS_ASSERTIONS = NO;
				ENABLE_STRICT_OBJC_MSGSEND = YES;
				GCC_C_LANGUAGE_STANDARD = gnu11;
				GCC_NO_COMMON_BLOCKS = YES;
				GCC_WARN_64_TO_32_BIT_CONVERSION = YES;
				GCC_WARN_ABOUT_RETURN_TYPE = YES_ERROR;
				GCC_WARN_UNDECLARED_SELECTOR = YES;
				GCC_WARN_UNINITIALIZED_AUTOS = YES_AGGRESSIVE;
				GCC_WARN_UNUSED_FUNCTION = YES;
				GCC_WARN_UNUSED_VARIABLE = YES;
				IPHONEOS_DEPLOYMENT_TARGET = 15.5;
				MTL_ENABLE_DEBUG_INFO = NO;
				MTL_FAST_MATH = YES;
				SDKROOT = iphoneos;
				SWIFT_COMPILATION_MODE = wholemodule;
				SWIFT_OPTIMIZATION_LEVEL = "-O";
				VALIDATE_PRODUCT = YES;
			};
			name = Release;
		};
		91B9BE7A2BFE3C92003246ED /* Debug */ = {
			isa = XCBuildConfiguration;
			buildSettings = {
				ASSETCATALOG_COMPILER_APPICON_NAME = AppIcon;
				ASSETCATALOG_COMPILER_GLOBAL_ACCENT_COLOR_NAME = AccentColor;
				CODE_SIGN_STYLE = Automatic;
				CURRENT_PROJECT_VERSION = 1;
				GENERATE_INFOPLIST_FILE = YES;
				INFOPLIST_FILE = ManchegoSoundBoard/Info.plist;
				INFOPLIST_KEY_UIApplicationSupportsIndirectInputEvents = YES;
				INFOPLIST_KEY_UILaunchStoryboardName = LaunchScreen;
				INFOPLIST_KEY_UIMainStoryboardFile = Main;
				INFOPLIST_KEY_UISupportedInterfaceOrientations_iPad = "UIInterfaceOrientationPortrait UIInterfaceOrientationPortraitUpsideDown UIInterfaceOrientationLandscapeLeft UIInterfaceOrientationLandscapeRight";
				INFOPLIST_KEY_UISupportedInterfaceOrientations_iPhone = "UIInterfaceOrientationPortrait UIInterfaceOrientationLandscapeLeft UIInterfaceOrientationLandscapeRight";
				LD_RUNPATH_SEARCH_PATHS = (
					"$(inherited)",
					"@executable_path/Frameworks",
				);
				MARKETING_VERSION = 1.0;
				PRODUCT_BUNDLE_IDENTIFIER = com.miempresa.ManchegoSoundBoard;
				PRODUCT_NAME = "$(TARGET_NAME)";
				SWIFT_EMIT_LOC_STRINGS = YES;
				SWIFT_VERSION = 5.0;
				TARGETED_DEVICE_FAMILY = "1,2";
			};
			name = Debug;
		};
		91B9BE7B2BFE3C92003246ED /* Release */ = {
			isa = XCBuildConfiguration;
			buildSettings = {
				ASSETCATALOG_COMPILER_APPICON_NAME = AppIcon;
				ASSETCATALOG_COMPILER_GLOBAL_ACCENT_COLOR_NAME = AccentColor;
				CODE_SIGN_STYLE = Automatic;
				CURRENT_PROJECT_VERSION = 1;
				GENERATE_INFOPLIST_FILE = YES;
				INFOPLIST_FILE = ManchegoSoundBoard/Info.plist;
				INFOPLIST_KEY_UIApplicationSupportsIndirectInputEvents = YES;
				INFOPLIST_KEY_UILaunchStoryboardName = LaunchScreen;
				INFOPLIST_KEY_UIMainStoryboardFile = Main;
				INFOPLIST_KEY_UISupportedInterfaceOrientations_iPad = "UIInterfaceOrientationPortrait UIInterfaceOrientationPortraitUpsideDown UIInterfaceOrientationLandscapeLeft UIInterfaceOrientationLandscapeRight";
				INFOPLIST_KEY_UISupportedInterfaceOrientations_iPhone = "UIInterfaceOrientationPortrait UIInterfaceOrientationLandscapeLeft UIInterfaceOrientationLandscapeRight";
				LD_RUNPATH_SEARCH_PATHS = (
					"$(inherited)",
					"@executable_path/Frameworks",
				);
				MARKETING_VERSION = 1.0;
				PRODUCT_BUNDLE_IDENTIFIER = com.miempresa.ManchegoSoundBoard;
				PRODUCT_NAME = "$(TARGET_NAME)";
				SWIFT_EMIT_LOC_STRINGS = YES;
				SWIFT_VERSION = 5.0;
				TARGETED_DEVICE_FAMILY = "1,2";
			};
			name = Release;
		};
/* End XCBuildConfiguration section */

/* Begin XCConfigurationList section */
		91B9BE5D2BFE3C91003246ED /* Build configuration list for PBXProject "ManchegoSoundBoard" */ = {
			isa = XCConfigurationList;
			buildConfigurations = (
				91B9BE772BFE3C92003246ED /* Debug */,
				91B9BE782BFE3C92003246ED /* Release */,
			);
			defaultConfigurationIsVisible = 0;
			defaultConfigurationName = Release;
		};
		91B9BE792BFE3C92003246ED /* Build configuration list for PBXNativeTarget "ManchegoSoundBoard" */ = {
			isa = XCConfigurationList;
			buildConfigurations = (
				91B9BE7A2BFE3C92003246ED /* Debug */,
				91B9BE7B2BFE3C92003246ED /* Release */,
			);
			defaultConfigurationIsVisible = 0;
			defaultConfigurationName = Release;
		};
/* End XCConfigurationList section */

/* Begin XCVersionGroup section */
		9126915E2BFE5DF200CC8EAE /* ManchegoSoundBoard.xcdatamodeld */ = {
			isa = XCVersionGroup;
			children = (
				9126915F2BFE5DF200CC8EAE /* ManchegoSoundBoard.xcdatamodel */,
			);
			currentVersion = 9126915F2BFE5DF200CC8EAE /* ManchegoSoundBoard.xcdatamodel */;
			path = ManchegoSoundBoard.xcdatamodeld;
			sourceTree = "<group>";
			versionGroupType = wrapper.xcdatamodel;
		};
/* End XCVersionGroup section */
	};
	rootObject = 91B9BE5A2BFE3C91003246ED /* Project object */;
}
